
Microsoft Visual Studio Solution File, Format Version 12.00
# Visual Studio Version 16
VisualStudioVersion = 16.0.28729.10
MinimumVisualStudioVersion = 10.0.40219.1
Project("{FAE04EC0-301F-11D3-BF4B-00C04F79EFBC}") = "WebChat", "WebChat\WebChat.csproj", "{708E52CA-9683-43EE-8DE7-6F656F6ACE2D}"
EndProject
Project("{2150E333-8FDC-42A3-9474-1A3956D46DE8}") = "Chat.Web", "Chat.Web", "{531ABA3D-0719-4CE4-ADF3-D6180BBA0D94}"
EndProject
Project("{2150E333-8FDC-42A3-9474-1A3956D46DE8}") = "DAL", "DAL", "{740AA3C4-A4D0-48DC-964E-EC910B3CF284}"
EndProject
Project("{2150E333-8FDC-42A3-9474-1A3956D46DE8}") = "DML", "DML", "{9F8CF61B-AD52-4B5B-8115-49CE989FBC9F}"
EndProject
Project("{2150E333-8FDC-42A3-9474-1A3956D46DE8}") = "BLL", "BLL", "{734E8C0B-BF47-472E-9ABE-AAD406F5BE99}"
EndProject
Project("{FAE04EC0-301F-11D3-BF4B-00C04F79EFBC}") = "WebChat.Domain", "WebChat.Domain\WebChat.Domain.csproj", "{4910E3D6-AF9F-4DFE-BE1B-EBD85300DB5A}"
EndProject
Global
	GlobalSection(SolutionConfigurationPlatforms) = preSolution
		Debug|Any CPU = Debug|Any CPU
		Release|Any CPU = Release|Any CPU
	EndGlobalSection
	GlobalSection(ProjectConfigurationPlatforms) = postSolution
		{708E52CA-9683-43EE-8DE7-6F656F6ACE2D}.Debug|Any CPU.ActiveCfg = Debug|Any CPU
		{708E52CA-9683-43EE-8DE7-6F656F6ACE2D}.Debug|Any CPU.Build.0 = Debug|Any CPU
		{708E52CA-9683-43EE-8DE7-6F656F6ACE2D}.Release|Any CPU.ActiveCfg = Release|Any CPU
		{708E52CA-9683-43EE-8DE7-6F656F6ACE2D}.Release|Any CPU.Build.0 = Release|Any CPU
		{4910E3D6-AF9F-4DFE-BE1B-EBD85300DB5A}.Debug|Any CPU.ActiveCfg = Debug|Any CPU
		{4910E3D6-AF9F-4DFE-BE1B-EBD85300DB5A}.Debug|Any CPU.Build.0 = Debug|Any CPU
		{4910E3D6-AF9F-4DFE-BE1B-EBD85300DB5A}.Release|Any CPU.ActiveCfg = Release|Any CPU
		{4910E3D6-AF9F-4DFE-BE1B-EBD85300DB5A}.Release|Any CPU.Build.0 = Release|Any CPU
	EndGlobalSection
	GlobalSection(SolutionProperties) = preSolution
		HideSolutionNode = FALSE
	EndGlobalSection
	GlobalSection(NestedProjects) = preSolution
		{708E52CA-9683-43EE-8DE7-6F656F6ACE2D} = {531ABA3D-0719-4CE4-ADF3-D6180BBA0D94}
		{4910E3D6-AF9F-4DFE-BE1B-EBD85300DB5A} = {9F8CF61B-AD52-4B5B-8115-49CE989FBC9F}
	EndGlobalSection
	GlobalSection(ExtensibilityGlobals) = postSolution
		SolutionGuid = {A5D4A9ED-118A-4774-BFBC-CB6801EEF608}
	EndGlobalSection
EndGlobal
